// !$*UTF8*$!
{
	archiveVersion = 1;
	classes = {
	};
	objectVersion = 46;
	objects = {

/* Begin PBXBuildFile section */
		D9CF4A741E6376B20053FC3D /* AppDelegate.swift in Sources */ = {isa = PBXBuildFile; fileRef = D9CF4A731E6376B20053FC3D /* AppDelegate.swift */; };
		D9CF4A761E6376B20053FC3D /* ViewController.swift in Sources */ = {isa = PBXBuildFile; fileRef = D9CF4A751E6376B20053FC3D /* ViewController.swift */; };
		D9CF4A791E6376B20053FC3D /* Main.storyboard in Resources */ = {isa = PBXBuildFile; fileRef = D9CF4A771E6376B20053FC3D /* Main.storyboard */; };
		D9CF4A7B1E6376B20053FC3D /* Assets.xcassets in Resources */ = {isa = PBXBuildFile; fileRef = D9CF4A7A1E6376B20053FC3D /* Assets.xcassets */; };
		D9CF4A7E1E6376B20053FC3D /* LaunchScreen.storyboard in Resources */ = {isa = PBXBuildFile; fileRef = D9CF4A7C1E6376B20053FC3D /* LaunchScreen.storyboard */; };
		D9CF4A891E6376B30053FC3D /* PYRRTests.swift in Sources */ = {isa = PBXBuildFile; fileRef = D9CF4A881E6376B30053FC3D /* PYRRTests.swift */; };
		D9CF4A941E6376B30053FC3D /* PYRRUITests.swift in Sources */ = {isa = PBXBuildFile; fileRef = D9CF4A931E6376B30053FC3D /* PYRRUITests.swift */; };
		D9FCDB991E74941F0063ECC2 /* Athlete.swift in Sources */ = {isa = PBXBuildFile; fileRef = D9FCDB981E74941F0063ECC2 /* Athlete.swift */; };
		D9FCDB9B1E7494DB0063ECC2 /* AthleteMeta.swift in Sources */ = {isa = PBXBuildFile; fileRef = D9FCDB9A1E7494DB0063ECC2 /* AthleteMeta.swift */; };
		D9FCDB9D1E7495380063ECC2 /* AthleteSummary.swift in Sources */ = {isa = PBXBuildFile; fileRef = D9FCDB9C1E7495380063ECC2 /* AthleteSummary.swift */; };
		D9FCDB9F1E749DA90063ECC2 /* ClubMeta.swift in Sources */ = {isa = PBXBuildFile; fileRef = D9FCDB9E1E749DA90063ECC2 /* ClubMeta.swift */; };
		D9FCDBA11E749DF70063ECC2 /* ClubSummary.swift in Sources */ = {isa = PBXBuildFile; fileRef = D9FCDBA01E749DF70063ECC2 /* ClubSummary.swift */; };
		D9FCDBA31E749FA90063ECC2 /* Club.swift in Sources */ = {isa = PBXBuildFile; fileRef = D9FCDBA21E749FA90063ECC2 /* Club.swift */; };
		D9FCDBA51E74A1310063ECC2 /* GearSummary.swift in Sources */ = {isa = PBXBuildFile; fileRef = D9FCDBA41E74A1310063ECC2 /* GearSummary.swift */; };
		D9FCDBA71E74A1D50063ECC2 /* Gear.swift in Sources */ = {isa = PBXBuildFile; fileRef = D9FCDBA61E74A1D50063ECC2 /* Gear.swift */; };
		D9FCDBA91E74A4230063ECC2 /* Activity.swift in Sources */ = {isa = PBXBuildFile; fileRef = D9FCDBA81E74A4230063ECC2 /* Activity.swift */; };
		D9FCDBAB1E74A6B40063ECC2 /* ActivitySummary.swift in Sources */ = {isa = PBXBuildFile; fileRef = D9FCDBAA1E74A6B40063ECC2 /* ActivitySummary.swift */; };
		D9FCDBAD1E74AD980063ECC2 /* Segment.swift in Sources */ = {isa = PBXBuildFile; fileRef = D9FCDBAC1E74AD980063ECC2 /* Segment.swift */; };
		D9FCDBAF1E74AE730063ECC2 /* SegmentSummary.swift in Sources */ = {isa = PBXBuildFile; fileRef = D9FCDBAE1E74AE730063ECC2 /* SegmentSummary.swift */; };
		D9FCDBB11E74B0FE0063ECC2 /* Map.swift in Sources */ = {isa = PBXBuildFile; fileRef = D9FCDBB01E74B0FE0063ECC2 /* Map.swift */; };
		D9FCDBB31E74B1990063ECC2 /* SegmentEffortSummary.swift in Sources */ = {isa = PBXBuildFile; fileRef = D9FCDBB21E74B1990063ECC2 /* SegmentEffortSummary.swift */; };
		D9FCDBB51E74B4200063ECC2 /* SegmentEffort.swift in Sources */ = {isa = PBXBuildFile; fileRef = D9FCDBB41E74B4200063ECC2 /* SegmentEffort.swift */; };
		D9FCDBB71E74B4E50063ECC2 /* LapSummary.swift in Sources */ = {isa = PBXBuildFile; fileRef = D9FCDBB61E74B4E50063ECC2 /* LapSummary.swift */; };
		D9FCDBB91E74B5540063ECC2 /* ActivityMeta.swift in Sources */ = {isa = PBXBuildFile; fileRef = D9FCDBB81E74B5540063ECC2 /* ActivityMeta.swift */; };
		D9FCDBBB1E74B7080063ECC2 /* SplitSummary.swift in Sources */ = {isa = PBXBuildFile; fileRef = D9FCDBBA1E74B7080063ECC2 /* SplitSummary.swift */; };
		D9FCDBBD1E74B7C70063ECC2 /* PhotoSummary.swift in Sources */ = {isa = PBXBuildFile; fileRef = D9FCDBBC1E74B7C70063ECC2 /* PhotoSummary.swift */; };
/* End PBXBuildFile section */

/* Begin PBXContainerItemProxy section */
		D9CF4A851E6376B30053FC3D /* PBXContainerItemProxy */ = {
			isa = PBXContainerItemProxy;
			containerPortal = D9CF4A681E6376B10053FC3D /* Project object */;
			proxyType = 1;
			remoteGlobalIDString = D9CF4A6F1E6376B20053FC3D;
			remoteInfo = PYRR;
		};
		D9CF4A901E6376B30053FC3D /* PBXContainerItemProxy */ = {
			isa = PBXContainerItemProxy;
			containerPortal = D9CF4A681E6376B10053FC3D /* Project object */;
			proxyType = 1;
			remoteGlobalIDString = D9CF4A6F1E6376B20053FC3D;
			remoteInfo = PYRR;
		};
/* End PBXContainerItemProxy section */

/* Begin PBXFileReference section */
		D9CF4A701E6376B20053FC3D /* PYRR.app */ = {isa = PBXFileReference; explicitFileType = wrapper.application; includeInIndex = 0; path = PYRR.app; sourceTree = BUILT_PRODUCTS_DIR; };
		D9CF4A731E6376B20053FC3D /* AppDelegate.swift */ = {isa = PBXFileReference; lastKnownFileType = sourcecode.swift; path = AppDelegate.swift; sourceTree = "<group>"; };
		D9CF4A751E6376B20053FC3D /* ViewController.swift */ = {isa = PBXFileReference; lastKnownFileType = sourcecode.swift; path = ViewController.swift; sourceTree = "<group>"; };
		D9CF4A781E6376B20053FC3D /* Base */ = {isa = PBXFileReference; lastKnownFileType = file.storyboard; name = Base; path = Base.lproj/Main.storyboard; sourceTree = "<group>"; };
		D9CF4A7A1E6376B20053FC3D /* Assets.xcassets */ = {isa = PBXFileReference; lastKnownFileType = folder.assetcatalog; path = Assets.xcassets; sourceTree = "<group>"; };
		D9CF4A7D1E6376B20053FC3D /* Base */ = {isa = PBXFileReference; lastKnownFileType = file.storyboard; name = Base; path = Base.lproj/LaunchScreen.storyboard; sourceTree = "<group>"; };
		D9CF4A7F1E6376B20053FC3D /* Info.plist */ = {isa = PBXFileReference; lastKnownFileType = text.plist.xml; path = Info.plist; sourceTree = "<group>"; };
		D9CF4A841E6376B30053FC3D /* PYRRTests.xctest */ = {isa = PBXFileReference; explicitFileType = wrapper.cfbundle; includeInIndex = 0; path = PYRRTests.xctest; sourceTree = BUILT_PRODUCTS_DIR; };
		D9CF4A881E6376B30053FC3D /* PYRRTests.swift */ = {isa = PBXFileReference; lastKnownFileType = sourcecode.swift; path = PYRRTests.swift; sourceTree = "<group>"; };
		D9CF4A8A1E6376B30053FC3D /* Info.plist */ = {isa = PBXFileReference; lastKnownFileType = text.plist.xml; path = Info.plist; sourceTree = "<group>"; };
		D9CF4A8F1E6376B30053FC3D /* PYRRUITests.xctest */ = {isa = PBXFileReference; explicitFileType = wrapper.cfbundle; includeInIndex = 0; path = PYRRUITests.xctest; sourceTree = BUILT_PRODUCTS_DIR; };
		D9CF4A931E6376B30053FC3D /* PYRRUITests.swift */ = {isa = PBXFileReference; lastKnownFileType = sourcecode.swift; path = PYRRUITests.swift; sourceTree = "<group>"; };
		D9CF4A951E6376B30053FC3D /* Info.plist */ = {isa = PBXFileReference; lastKnownFileType = text.plist.xml; path = Info.plist; sourceTree = "<group>"; };
		D9FCDB981E74941F0063ECC2 /* Athlete.swift */ = {isa = PBXFileReference; fileEncoding = 4; lastKnownFileType = sourcecode.swift; path = Athlete.swift; sourceTree = "<group>"; };
		D9FCDB9A1E7494DB0063ECC2 /* AthleteMeta.swift */ = {isa = PBXFileReference; fileEncoding = 4; lastKnownFileType = sourcecode.swift; path = AthleteMeta.swift; sourceTree = "<group>"; };
		D9FCDB9C1E7495380063ECC2 /* AthleteSummary.swift */ = {isa = PBXFileReference; fileEncoding = 4; lastKnownFileType = sourcecode.swift; path = AthleteSummary.swift; sourceTree = "<group>"; };
		D9FCDB9E1E749DA90063ECC2 /* ClubMeta.swift */ = {isa = PBXFileReference; fileEncoding = 4; lastKnownFileType = sourcecode.swift; path = ClubMeta.swift; sourceTree = "<group>"; };
		D9FCDBA01E749DF70063ECC2 /* ClubSummary.swift */ = {isa = PBXFileReference; fileEncoding = 4; lastKnownFileType = sourcecode.swift; path = ClubSummary.swift; sourceTree = "<group>"; };
		D9FCDBA21E749FA90063ECC2 /* Club.swift */ = {isa = PBXFileReference; fileEncoding = 4; lastKnownFileType = sourcecode.swift; path = Club.swift; sourceTree = "<group>"; };
		D9FCDBA41E74A1310063ECC2 /* GearSummary.swift */ = {isa = PBXFileReference; fileEncoding = 4; lastKnownFileType = sourcecode.swift; path = GearSummary.swift; sourceTree = "<group>"; };
		D9FCDBA61E74A1D50063ECC2 /* Gear.swift */ = {isa = PBXFileReference; fileEncoding = 4; lastKnownFileType = sourcecode.swift; path = Gear.swift; sourceTree = "<group>"; };
		D9FCDBA81E74A4230063ECC2 /* Activity.swift */ = {isa = PBXFileReference; fileEncoding = 4; lastKnownFileType = sourcecode.swift; path = Activity.swift; sourceTree = "<group>"; };
		D9FCDBAA1E74A6B40063ECC2 /* ActivitySummary.swift */ = {isa = PBXFileReference; fileEncoding = 4; lastKnownFileType = sourcecode.swift; path = ActivitySummary.swift; sourceTree = "<group>"; };
		D9FCDBAC1E74AD980063ECC2 /* Segment.swift */ = {isa = PBXFileReference; fileEncoding = 4; lastKnownFileType = sourcecode.swift; path = Segment.swift; sourceTree = "<group>"; };
		D9FCDBAE1E74AE730063ECC2 /* SegmentSummary.swift */ = {isa = PBXFileReference; fileEncoding = 4; lastKnownFileType = sourcecode.swift; path = SegmentSummary.swift; sourceTree = "<group>"; };
		D9FCDBB01E74B0FE0063ECC2 /* Map.swift */ = {isa = PBXFileReference; fileEncoding = 4; lastKnownFileType = sourcecode.swift; path = Map.swift; sourceTree = "<group>"; };
		D9FCDBB21E74B1990063ECC2 /* SegmentEffortSummary.swift */ = {isa = PBXFileReference; fileEncoding = 4; lastKnownFileType = sourcecode.swift; path = SegmentEffortSummary.swift; sourceTree = "<group>"; };
		D9FCDBB41E74B4200063ECC2 /* SegmentEffort.swift */ = {isa = PBXFileReference; fileEncoding = 4; lastKnownFileType = sourcecode.swift; path = SegmentEffort.swift; sourceTree = "<group>"; };
		D9FCDBB61E74B4E50063ECC2 /* LapSummary.swift */ = {isa = PBXFileReference; fileEncoding = 4; lastKnownFileType = sourcecode.swift; path = LapSummary.swift; sourceTree = "<group>"; };
		D9FCDBB81E74B5540063ECC2 /* ActivityMeta.swift */ = {isa = PBXFileReference; fileEncoding = 4; lastKnownFileType = sourcecode.swift; path = ActivityMeta.swift; sourceTree = "<group>"; };
		D9FCDBBA1E74B7080063ECC2 /* SplitSummary.swift */ = {isa = PBXFileReference; fileEncoding = 4; lastKnownFileType = sourcecode.swift; path = SplitSummary.swift; sourceTree = "<group>"; };
		D9FCDBBC1E74B7C70063ECC2 /* PhotoSummary.swift */ = {isa = PBXFileReference; fileEncoding = 4; lastKnownFileType = sourcecode.swift; path = PhotoSummary.swift; sourceTree = "<group>"; };
/* End PBXFileReference section */

/* Begin PBXFrameworksBuildPhase section */
		D9CF4A6D1E6376B20053FC3D /* Frameworks */ = {
			isa = PBXFrameworksBuildPhase;
			buildActionMask = 2147483647;
			files = (
			);
			runOnlyForDeploymentPostprocessing = 0;
		};
		D9CF4A811E6376B30053FC3D /* Frameworks */ = {
			isa = PBXFrameworksBuildPhase;
			buildActionMask = 2147483647;
			files = (
			);
			runOnlyForDeploymentPostprocessing = 0;
		};
		D9CF4A8C1E6376B30053FC3D /* Frameworks */ = {
			isa = PBXFrameworksBuildPhase;
			buildActionMask = 2147483647;
			files = (
			);
			runOnlyForDeploymentPostprocessing = 0;
		};
/* End PBXFrameworksBuildPhase section */

/* Begin PBXGroup section */
		D9CF4A671E6376B10053FC3D = {
			isa = PBXGroup;
			children = (
				D9CF4A721E6376B20053FC3D /* PYRR */,
				D9CF4A871E6376B30053FC3D /* PYRRTests */,
				D9CF4A921E6376B30053FC3D /* PYRRUITests */,
				D9CF4A711E6376B20053FC3D /* Products */,
			);
			sourceTree = "<group>";
		};
		D9CF4A711E6376B20053FC3D /* Products */ = {
			isa = PBXGroup;
			children = (
				D9CF4A701E6376B20053FC3D /* PYRR.app */,
				D9CF4A841E6376B30053FC3D /* PYRRTests.xctest */,
				D9CF4A8F1E6376B30053FC3D /* PYRRUITests.xctest */,
			);
			name = Products;
			sourceTree = "<group>";
		};
		D9CF4A721E6376B20053FC3D /* PYRR */ = {
			isa = PBXGroup;
			children = (
				D9FCDB951E74931A0063ECC2 /* Strava */,
				D9FCDB941E74930F0063ECC2 /* Brokers */,
				D9FCDB931E7493000063ECC2 /* Business */,
				D9CF4A731E6376B20053FC3D /* AppDelegate.swift */,
				D9CF4A751E6376B20053FC3D /* ViewController.swift */,
				D9CF4A771E6376B20053FC3D /* Main.storyboard */,
				D9CF4A7A1E6376B20053FC3D /* Assets.xcassets */,
				D9CF4A7C1E6376B20053FC3D /* LaunchScreen.storyboard */,
				D9CF4A7F1E6376B20053FC3D /* Info.plist */,
			);
			path = PYRR;
			sourceTree = "<group>";
		};
		D9CF4A871E6376B30053FC3D /* PYRRTests */ = {
			isa = PBXGroup;
			children = (
				D9CF4A881E6376B30053FC3D /* PYRRTests.swift */,
				D9CF4A8A1E6376B30053FC3D /* Info.plist */,
			);
			path = PYRRTests;
			sourceTree = "<group>";
		};
		D9CF4A921E6376B30053FC3D /* PYRRUITests */ = {
			isa = PBXGroup;
			children = (
				D9CF4A931E6376B30053FC3D /* PYRRUITests.swift */,
				D9CF4A951E6376B30053FC3D /* Info.plist */,
			);
			path = PYRRUITests;
			sourceTree = "<group>";
		};
		D9FCDB931E7493000063ECC2 /* Business */ = {
			isa = PBXGroup;
			children = (
			);
			name = Business;
			sourceTree = "<group>";
		};
		D9FCDB941E74930F0063ECC2 /* Brokers */ = {
			isa = PBXGroup;
			children = (
			);
			name = Brokers;
			sourceTree = "<group>";
		};
		D9FCDB951E74931A0063ECC2 /* Strava */ = {
			isa = PBXGroup;
			children = (
				D9FCDB971E74932C0063ECC2 /* Brokers */,
				D9FCDB961E7493260063ECC2 /* Business */,
			);
			name = Strava;
			sourceTree = "<group>";
		};
		D9FCDB961E7493260063ECC2 /* Business */ = {
			isa = PBXGroup;
			children = (
				D9FCDB981E74941F0063ECC2 /* Athlete.swift */,
				D9FCDB9A1E7494DB0063ECC2 /* AthleteMeta.swift */,
				D9FCDB9C1E7495380063ECC2 /* AthleteSummary.swift */,
				D9FCDB9E1E749DA90063ECC2 /* ClubMeta.swift */,
				D9FCDBA01E749DF70063ECC2 /* ClubSummary.swift */,
				D9FCDBA21E749FA90063ECC2 /* Club.swift */,
				D9FCDBA41E74A1310063ECC2 /* GearSummary.swift */,
				D9FCDBA61E74A1D50063ECC2 /* Gear.swift */,
				D9FCDBB81E74B5540063ECC2 /* ActivityMeta.swift */,
				D9FCDBAA1E74A6B40063ECC2 /* ActivitySummary.swift */,
				D9FCDBA81E74A4230063ECC2 /* Activity.swift */,
				D9FCDBAC1E74AD980063ECC2 /* Segment.swift */,
				D9FCDBAE1E74AE730063ECC2 /* SegmentSummary.swift */,
				D9FCDBB01E74B0FE0063ECC2 /* Map.swift */,
				D9FCDBB21E74B1990063ECC2 /* SegmentEffortSummary.swift */,
				D9FCDBB41E74B4200063ECC2 /* SegmentEffort.swift */,
				D9FCDBB61E74B4E50063ECC2 /* LapSummary.swift */,
				D9FCDBBA1E74B7080063ECC2 /* SplitSummary.swift */,
				D9FCDBBC1E74B7C70063ECC2 /* PhotoSummary.swift */,
			);
			name = Business;
			sourceTree = "<group>";
		};
		D9FCDB971E74932C0063ECC2 /* Brokers */ = {
			isa = PBXGroup;
			children = (
			);
			name = Brokers;
			sourceTree = "<group>";
		};
/* End PBXGroup section */

/* Begin PBXNativeTarget section */
		D9CF4A6F1E6376B20053FC3D /* PYRR */ = {
			isa = PBXNativeTarget;
			buildConfigurationList = D9CF4A981E6376B30053FC3D /* Build configuration list for PBXNativeTarget "PYRR" */;
			buildPhases = (
				D9CF4A6C1E6376B20053FC3D /* Sources */,
				D9CF4A6D1E6376B20053FC3D /* Frameworks */,
				D9CF4A6E1E6376B20053FC3D /* Resources */,
			);
			buildRules = (
			);
			dependencies = (
			);
			name = PYRR;
			productName = PYRR;
			productReference = D9CF4A701E6376B20053FC3D /* PYRR.app */;
			productType = "com.apple.product-type.application";
		};
		D9CF4A831E6376B30053FC3D /* PYRRTests */ = {
			isa = PBXNativeTarget;
			buildConfigurationList = D9CF4A9B1E6376B30053FC3D /* Build configuration list for PBXNativeTarget "PYRRTests" */;
			buildPhases = (
				D9CF4A801E6376B30053FC3D /* Sources */,
				D9CF4A811E6376B30053FC3D /* Frameworks */,
				D9CF4A821E6376B30053FC3D /* Resources */,
			);
			buildRules = (
			);
			dependencies = (
				D9CF4A861E6376B30053FC3D /* PBXTargetDependency */,
			);
			name = PYRRTests;
			productName = PYRRTests;
			productReference = D9CF4A841E6376B30053FC3D /* PYRRTests.xctest */;
			productType = "com.apple.product-type.bundle.unit-test";
		};
		D9CF4A8E1E6376B30053FC3D /* PYRRUITests */ = {
			isa = PBXNativeTarget;
			buildConfigurationList = D9CF4A9E1E6376B30053FC3D /* Build configuration list for PBXNativeTarget "PYRRUITests" */;
			buildPhases = (
				D9CF4A8B1E6376B30053FC3D /* Sources */,
				D9CF4A8C1E6376B30053FC3D /* Frameworks */,
				D9CF4A8D1E6376B30053FC3D /* Resources */,
			);
			buildRules = (
			);
			dependencies = (
				D9CF4A911E6376B30053FC3D /* PBXTargetDependency */,
			);
			name = PYRRUITests;
			productName = PYRRUITests;
			productReference = D9CF4A8F1E6376B30053FC3D /* PYRRUITests.xctest */;
			productType = "com.apple.product-type.bundle.ui-testing";
		};
/* End PBXNativeTarget section */

/* Begin PBXProject section */
		D9CF4A681E6376B10053FC3D /* Project object */ = {
			isa = PBXProject;
			attributes = {
				LastSwiftUpdateCheck = 0820;
				LastUpgradeCheck = 0820;
				ORGANIZATIONNAME = "Collin Thommasen";
				TargetAttributes = {
					D9CF4A6F1E6376B20053FC3D = {
						CreatedOnToolsVersion = 8.2.1;
						ProvisioningStyle = Automatic;
					};
					D9CF4A831E6376B30053FC3D = {
						CreatedOnToolsVersion = 8.2.1;
						ProvisioningStyle = Automatic;
						TestTargetID = D9CF4A6F1E6376B20053FC3D;
					};
					D9CF4A8E1E6376B30053FC3D = {
						CreatedOnToolsVersion = 8.2.1;
						ProvisioningStyle = Automatic;
						TestTargetID = D9CF4A6F1E6376B20053FC3D;
					};
				};
			};
			buildConfigurationList = D9CF4A6B1E6376B20053FC3D /* Build configuration list for PBXProject "PYRR" */;
			compatibilityVersion = "Xcode 3.2";
			developmentRegion = English;
			hasScannedForEncodings = 0;
			knownRegions = (
				en,
				Base,
			);
			mainGroup = D9CF4A671E6376B10053FC3D;
			productRefGroup = D9CF4A711E6376B20053FC3D /* Products */;
			projectDirPath = "";
			projectRoot = "";
			targets = (
				D9CF4A6F1E6376B20053FC3D /* PYRR */,
				D9CF4A831E6376B30053FC3D /* PYRRTests */,
				D9CF4A8E1E6376B30053FC3D /* PYRRUITests */,
			);
		};
/* End PBXProject section */

/* Begin PBXResourcesBuildPhase section */
		D9CF4A6E1E6376B20053FC3D /* Resources */ = {
			isa = PBXResourcesBuildPhase;
			buildActionMask = 2147483647;
			files = (
				D9CF4A7E1E6376B20053FC3D /* LaunchScreen.storyboard in Resources */,
				D9CF4A7B1E6376B20053FC3D /* Assets.xcassets in Resources */,
				D9CF4A791E6376B20053FC3D /* Main.storyboard in Resources */,
			);
			runOnlyForDeploymentPostprocessing = 0;
		};
		D9CF4A821E6376B30053FC3D /* Resources */ = {
			isa = PBXResourcesBuildPhase;
			buildActionMask = 2147483647;
			files = (
			);
			runOnlyForDeploymentPostprocessing = 0;
		};
		D9CF4A8D1E6376B30053FC3D /* Resources */ = {
			isa = PBXResourcesBuildPhase;
			buildActionMask = 2147483647;
			files = (
			);
			runOnlyForDeploymentPostprocessing = 0;
		};
/* End PBXResourcesBuildPhase section */

/* Begin PBXSourcesBuildPhase section */
		D9CF4A6C1E6376B20053FC3D /* Sources */ = {
			isa = PBXSourcesBuildPhase;
			buildActionMask = 2147483647;
			files = (
				D9CF4A761E6376B20053FC3D /* ViewController.swift in Sources */,
				D9FCDBAD1E74AD980063ECC2 /* Segment.swift in Sources */,
				D9FCDBB51E74B4200063ECC2 /* SegmentEffort.swift in Sources */,
				D9FCDBA11E749DF70063ECC2 /* ClubSummary.swift in Sources */,
				D9FCDBA71E74A1D50063ECC2 /* Gear.swift in Sources */,
				D9FCDB991E74941F0063ECC2 /* Athlete.swift in Sources */,
				D9FCDBA31E749FA90063ECC2 /* Club.swift in Sources */,
				D9FCDB9F1E749DA90063ECC2 /* ClubMeta.swift in Sources */,
				D9FCDBA51E74A1310063ECC2 /* GearSummary.swift in Sources */,
				D9FCDBAF1E74AE730063ECC2 /* SegmentSummary.swift in Sources */,
				D9FCDB9B1E7494DB0063ECC2 /* AthleteMeta.swift in Sources */,
				D9FCDBB91E74B5540063ECC2 /* ActivityMeta.swift in Sources */,
				D9FCDBB11E74B0FE0063ECC2 /* Map.swift in Sources */,
				D9FCDB9D1E7495380063ECC2 /* AthleteSummary.swift in Sources */,
				D9FCDBB31E74B1990063ECC2 /* SegmentEffortSummary.swift in Sources */,
				D9FCDBB71E74B4E50063ECC2 /* LapSummary.swift in Sources */,
				D9FCDBA91E74A4230063ECC2 /* Activity.swift in Sources */,
				D9CF4A741E6376B20053FC3D /* AppDelegate.swift in Sources */,
				D9FCDBAB1E74A6B40063ECC2 /* ActivitySummary.swift in Sources */,
				D9FCDBBB1E74B7080063ECC2 /* SplitSummary.swift in Sources */,
				D9FCDBBD1E74B7C70063ECC2 /* PhotoSummary.swift in Sources */,
			);
			runOnlyForDeploymentPostprocessing = 0;
		};
		D9CF4A801E6376B30053FC3D /* Sources */ = {
			isa = PBXSourcesBuildPhase;
			buildActionMask = 2147483647;
			files = (
				D9CF4A891E6376B30053FC3D /* PYRRTests.swift in Sources */,
			);
			runOnlyForDeploymentPostprocessing = 0;
		};
		D9CF4A8B1E6376B30053FC3D /* Sources */ = {
			isa = PBXSourcesBuildPhase;
			buildActionMask = 2147483647;
			files = (
				D9CF4A941E6376B30053FC3D /* PYRRUITests.swift in Sources */,
			);
			runOnlyForDeploymentPostprocessing = 0;
		};
/* End PBXSourcesBuildPhase section */

/* Begin PBXTargetDependency section */
		D9CF4A861E6376B30053FC3D /* PBXTargetDependency */ = {
			isa = PBXTargetDependency;
			target = D9CF4A6F1E6376B20053FC3D /* PYRR */;
			targetProxy = D9CF4A851E6376B30053FC3D /* PBXContainerItemProxy */;
		};
		D9CF4A911E6376B30053FC3D /* PBXTargetDependency */ = {
			isa = PBXTargetDependency;
			target = D9CF4A6F1E6376B20053FC3D /* PYRR */;
			targetProxy = D9CF4A901E6376B30053FC3D /* PBXContainerItemProxy */;
		};
/* End PBXTargetDependency section */

/* Begin PBXVariantGroup section */
		D9CF4A771E6376B20053FC3D /* Main.storyboard */ = {
			isa = PBXVariantGroup;
			children = (
				D9CF4A781E6376B20053FC3D /* Base */,
			);
			name = Main.storyboard;
			sourceTree = "<group>";
		};
		D9CF4A7C1E6376B20053FC3D /* LaunchScreen.storyboard */ = {
			isa = PBXVariantGroup;
			children = (
				D9CF4A7D1E6376B20053FC3D /* Base */,
			);
			name = LaunchScreen.storyboard;
			sourceTree = "<group>";
		};
/* End PBXVariantGroup section */

/* Begin XCBuildConfiguration section */
		D9CF4A961E6376B30053FC3D /* Debug */ = {
			isa = XCBuildConfiguration;
			buildSettings = {
				ALWAYS_SEARCH_USER_PATHS = NO;
				CLANG_ANALYZER_NONNULL = YES;
				CLANG_CXX_LANGUAGE_STANDARD = "gnu++0x";
				CLANG_CXX_LIBRARY = "libc++";
				CLANG_ENABLE_MODULES = YES;
				CLANG_ENABLE_OBJC_ARC = YES;
				CLANG_WARN_BOOL_CONVERSION = YES;
				CLANG_WARN_CONSTANT_CONVERSION = YES;
				CLANG_WARN_DIRECT_OBJC_ISA_USAGE = YES_ERROR;
				CLANG_WARN_DOCUMENTATION_COMMENTS = YES;
				CLANG_WARN_EMPTY_BODY = YES;
				CLANG_WARN_ENUM_CONVERSION = YES;
				CLANG_WARN_INFINITE_RECURSION = YES;
				CLANG_WARN_INT_CONVERSION = YES;
				CLANG_WARN_OBJC_ROOT_CLASS = YES_ERROR;
				CLANG_WARN_SUSPICIOUS_MOVE = YES;
				CLANG_WARN_UNREACHABLE_CODE = YES;
				CLANG_WARN__DUPLICATE_METHOD_MATCH = YES;
				"CODE_SIGN_IDENTITY[sdk=iphoneos*]" = "iPhone Developer";
				COPY_PHASE_STRIP = NO;
				DEBUG_INFORMATION_FORMAT = dwarf;
				ENABLE_STRICT_OBJC_MSGSEND = YES;
				ENABLE_TESTABILITY = YES;
				GCC_C_LANGUAGE_STANDARD = gnu99;
				GCC_DYNAMIC_NO_PIC = NO;
				GCC_NO_COMMON_BLOCKS = YES;
				GCC_OPTIMIZATION_LEVEL = 0;
				GCC_PREPROCESSOR_DEFINITIONS = (
					"DEBUG=1",
					"$(inherited)",
				);
				GCC_WARN_64_TO_32_BIT_CONVERSION = YES;
				GCC_WARN_ABOUT_RETURN_TYPE = YES_ERROR;
				GCC_WARN_UNDECLARED_SELECTOR = YES;
				GCC_WARN_UNINITIALIZED_AUTOS = YES_AGGRESSIVE;
				GCC_WARN_UNUSED_FUNCTION = YES;
				GCC_WARN_UNUSED_VARIABLE = YES;
				IPHONEOS_DEPLOYMENT_TARGET = 10.2;
				MTL_ENABLE_DEBUG_INFO = YES;
				ONLY_ACTIVE_ARCH = YES;
				SDKROOT = iphoneos;
				SWIFT_ACTIVE_COMPILATION_CONDITIONS = DEBUG;
				SWIFT_OPTIMIZATION_LEVEL = "-Onone";
			};
			name = Debug;
		};
		D9CF4A971E6376B30053FC3D /* Release */ = {
			isa = XCBuildConfiguration;
			buildSettings = {
				ALWAYS_SEARCH_USER_PATHS = NO;
				CLANG_ANALYZER_NONNULL = YES;
				CLANG_CXX_LANGUAGE_STANDARD = "gnu++0x";
				CLANG_CXX_LIBRARY = "libc++";
				CLANG_ENABLE_MODULES = YES;
				CLANG_ENABLE_OBJC_ARC = YES;
				CLANG_WARN_BOOL_CONVERSION = YES;
				CLANG_WARN_CONSTANT_CONVERSION = YES;
				CLANG_WARN_DIRECT_OBJC_ISA_USAGE = YES_ERROR;
				CLANG_WARN_DOCUMENTATION_COMMENTS = YES;
				CLANG_WARN_EMPTY_BODY = YES;
				CLANG_WARN_ENUM_CONVERSION = YES;
				CLANG_WARN_INFINITE_RECURSION = YES;
				CLANG_WARN_INT_CONVERSION = YES;
				CLANG_WARN_OBJC_ROOT_CLASS = YES_ERROR;
				CLANG_WARN_SUSPICIOUS_MOVE = YES;
				CLANG_WARN_UNREACHABLE_CODE = YES;
				CLANG_WARN__DUPLICATE_METHOD_MATCH = YES;
				"CODE_SIGN_IDENTITY[sdk=iphoneos*]" = "iPhone Developer";
				COPY_PHASE_STRIP = NO;
				DEBUG_INFORMATION_FORMAT = "dwarf-with-dsym";
				ENABLE_NS_ASSERTIONS = NO;
				ENABLE_STRICT_OBJC_MSGSEND = YES;
				GCC_C_LANGUAGE_STANDARD = gnu99;
				GCC_NO_COMMON_BLOCKS = YES;
				GCC_WARN_64_TO_32_BIT_CONVERSION = YES;
				GCC_WARN_ABOUT_RETURN_TYPE = YES_ERROR;
				GCC_WARN_UNDECLARED_SELECTOR = YES;
				GCC_WARN_UNINITIALIZED_AUTOS = YES_AGGRESSIVE;
				GCC_WARN_UNUSED_FUNCTION = YES;
				GCC_WARN_UNUSED_VARIABLE = YES;
				IPHONEOS_DEPLOYMENT_TARGET = 10.2;
				MTL_ENABLE_DEBUG_INFO = NO;
				SDKROOT = iphoneos;
				SWIFT_OPTIMIZATION_LEVEL = "-Owholemodule";
				VALIDATE_PRODUCT = YES;
			};
			name = Release;
		};
		D9CF4A991E6376B30053FC3D /* Debug */ = {
			isa = XCBuildConfiguration;
			buildSettings = {
				ASSETCATALOG_COMPILER_APPICON_NAME = AppIcon;
				INFOPLIST_FILE = PYRR/Info.plist;
				LD_RUNPATH_SEARCH_PATHS = "$(inherited) @executable_path/Frameworks";
				PRODUCT_BUNDLE_IDENTIFIER = com.collinthommasen.PYRR;
				PRODUCT_NAME = "$(TARGET_NAME)";
				SWIFT_VERSION = 3.0;
			};
			name = Debug;
		};
		D9CF4A9A1E6376B30053FC3D /* Release */ = {
			isa = XCBuildConfiguration;
			buildSettings = {
				ASSETCATALOG_COMPILER_APPICON_NAME = AppIcon;
				INFOPLIST_FILE = PYRR/Info.plist;
				LD_RUNPATH_SEARCH_PATHS = "$(inherited) @executable_path/Frameworks";
				PRODUCT_BUNDLE_IDENTIFIER = com.collinthommasen.PYRR;
				PRODUCT_NAME = "$(TARGET_NAME)";
				SWIFT_VERSION = 3.0;
			};
			name = Release;
		};
		D9CF4A9C1E6376B30053FC3D /* Debug */ = {
			isa = XCBuildConfiguration;
			buildSettings = {
				ALWAYS_EMBED_SWIFT_STANDARD_LIBRARIES = YES;
				BUNDLE_LOADER = "$(TEST_HOST)";
				INFOPLIST_FILE = PYRRTests/Info.plist;
				LD_RUNPATH_SEARCH_PATHS = "$(inherited) @executable_path/Frameworks @loader_path/Frameworks";
				PRODUCT_BUNDLE_IDENTIFIER = com.collinthommasen.PYRRTests;
				PRODUCT_NAME = "$(TARGET_NAME)";
				SWIFT_VERSION = 3.0;
				TEST_HOST = "$(BUILT_PRODUCTS_DIR)/PYRR.app/PYRR";
			};
			name = Debug;
		};
		D9CF4A9D1E6376B30053FC3D /* Release */ = {
			isa = XCBuildConfiguration;
			buildSettings = {
				ALWAYS_EMBED_SWIFT_STANDARD_LIBRARIES = YES;
				BUNDLE_LOADER = "$(TEST_HOST)";
				INFOPLIST_FILE = PYRRTests/Info.plist;
				LD_RUNPATH_SEARCH_PATHS = "$(inherited) @executable_path/Frameworks @loader_path/Frameworks";
				PRODUCT_BUNDLE_IDENTIFIER = com.collinthommasen.PYRRTests;
				PRODUCT_NAME = "$(TARGET_NAME)";
				SWIFT_VERSION = 3.0;
				TEST_HOST = "$(BUILT_PRODUCTS_DIR)/PYRR.app/PYRR";
			};
			name = Release;
		};
		D9CF4A9F1E6376B30053FC3D /* Debug */ = {
			isa = XCBuildConfiguration;
			buildSettings = {
				ALWAYS_EMBED_SWIFT_STANDARD_LIBRARIES = YES;
				INFOPLIST_FILE = PYRRUITests/Info.plist;
				LD_RUNPATH_SEARCH_PATHS = "$(inherited) @executable_path/Frameworks @loader_path/Frameworks";
				PRODUCT_BUNDLE_IDENTIFIER = com.collinthommasen.PYRRUITests;
				PRODUCT_NAME = "$(TARGET_NAME)";
				SWIFT_VERSION = 3.0;
				TEST_TARGET_NAME = PYRR;
			};
			name = Debug;
		};
		D9CF4AA01E6376B30053FC3D /* Release */ = {
			isa = XCBuildConfiguration;
			buildSettings = {
				ALWAYS_EMBED_SWIFT_STANDARD_LIBRARIES = YES;
				INFOPLIST_FILE = PYRRUITests/Info.plist;
				LD_RUNPATH_SEARCH_PATHS = "$(inherited) @executable_path/Frameworks @loader_path/Frameworks";
				PRODUCT_BUNDLE_IDENTIFIER = com.collinthommasen.PYRRUITests;
				PRODUCT_NAME = "$(TARGET_NAME)";
				SWIFT_VERSION = 3.0;
				TEST_TARGET_NAME = PYRR;
			};
			name = Release;
		};
/* End XCBuildConfiguration section */

/* Begin XCConfigurationList section */
		D9CF4A6B1E6376B20053FC3D /* Build configuration list for PBXProject "PYRR" */ = {
			isa = XCConfigurationList;
			buildConfigurations = (
				D9CF4A961E6376B30053FC3D /* Debug */,
				D9CF4A971E6376B30053FC3D /* Release */,
			);
			defaultConfigurationIsVisible = 0;
			defaultConfigurationName = Release;
		};
		D9CF4A981E6376B30053FC3D /* Build configuration list for PBXNativeTarget "PYRR" */ = {
			isa = XCConfigurationList;
			buildConfigurations = (
				D9CF4A991E6376B30053FC3D /* Debug */,
				D9CF4A9A1E6376B30053FC3D /* Release */,
			);
			defaultConfigurationIsVisible = 0;
			defaultConfigurationName = Release;
		};
		D9CF4A9B1E6376B30053FC3D /* Build configuration list for PBXNativeTarget "PYRRTests" */ = {
			isa = XCConfigurationList;
			buildConfigurations = (
				D9CF4A9C1E6376B30053FC3D /* Debug */,
				D9CF4A9D1E6376B30053FC3D /* Release */,
			);
			defaultConfigurationIsVisible = 0;
			defaultConfigurationName = Release;
		};
		D9CF4A9E1E6376B30053FC3D /* Build configuration list for PBXNativeTarget "PYRRUITests" */ = {
			isa = XCConfigurationList;
			buildConfigurations = (
				D9CF4A9F1E6376B30053FC3D /* Debug */,
				D9CF4AA01E6376B30053FC3D /* Release */,
			);
			defaultConfigurationIsVisible = 0;
			defaultConfigurationName = Release;
		};
/* End XCConfigurationList section */
	};
	rootObject = D9CF4A681E6376B10053FC3D /* Project object */;
}
